
Microsoft Visual Studio Solution File, Format Version 12.00
# Visual Studio Version 17
VisualStudioVersion = 17.12.35527.113 d17.12
MinimumVisualStudioVersion = 10.0.40219.1
Project("{FAE04EC0-301F-11D3-BF4B-00C04F79EFBC}") = "DummySample.Server", "DummySample.Server\DummySample.Server.csproj", "{0CD72827-BD93-474C-A628-56847F3B6D13}"
EndProject
Project("{54A90642-561A-4BB1-A94E-469ADEE60C69}") = "dummysample.client", "dummysample.client\dummysample.client.esproj", "{53E92C84-55C6-41A3-88DC-BAA8D41D27EB}"
EndProject
Global
	GlobalSection(SolutionConfigurationPlatforms) = preSolution
		Debug|Any CPU = Debug|Any CPU
		Release|Any CPU = Release|Any CPU
	EndGlobalSection
	GlobalSection(ProjectConfigurationPlatforms) = postSolution
		{0CD72827-BD93-474C-A628-56847F3B6D13}.Debug|Any CPU.ActiveCfg = Debug|Any CPU
		{0CD72827-BD93-474C-A628-56847F3B6D13}.Debug|Any CPU.Build.0 = Debug|Any CPU
		{0CD72827-BD93-474C-A628-56847F3B6D13}.Release|Any CPU.ActiveCfg = Release|Any CPU
		{0CD72827-BD93-474C-A628-56847F3B6D13}.Release|Any CPU.Build.0 = Release|Any CPU
		{53E92C84-55C6-41A3-88DC-BAA8D41D27EB}.Debug|Any CPU.ActiveCfg = Debug|Any CPU
		{53E92C84-55C6-41A3-88DC-BAA8D41D27EB}.Debug|Any CPU.Build.0 = Debug|Any CPU
		{53E92C84-55C6-41A3-88DC-BAA8D41D27EB}.Debug|Any CPU.Deploy.0 = Debug|Any CPU
		{53E92C84-55C6-41A3-88DC-BAA8D41D27EB}.Release|Any CPU.ActiveCfg = Release|Any CPU
		{53E92C84-55C6-41A3-88DC-BAA8D41D27EB}.Release|Any CPU.Build.0 = Release|Any CPU
		{53E92C84-55C6-41A3-88DC-BAA8D41D27EB}.Release|Any CPU.Deploy.0 = Release|Any CPU
	EndGlobalSection
	GlobalSection(SolutionProperties) = preSolution
		HideSolutionNode = FALSE
	EndGlobalSection
EndGlobal
